
Microsoft Visual Studio Solution File, Format Version 12.00
# Visual Studio Version 17
VisualStudioVersion = 17.0.31903.59
MinimumVisualStudioVersion = 10.0.40219.1
Project("{2150E333-8FDC-42A3-9474-1A3956D46DE8}") = "src", "src", "{957CCE27-0CED-4948-8233-E3F8CE0EC050}"
EndProject
Project("{FAE04EC0-301F-11D3-BF4B-00C04F79EFBC}") = "SmartInventory.Web", "src\SmartInventory.Web\SmartInventory.Web.csproj", "{67041633-6519-4DF9-AF38-D32B2C5AE52D}"
EndProject
Project("{FAE04EC0-301F-11D3-BF4B-00C04F79EFBC}") = "SmartInventory.Core", "src\SmartInventory.Core\SmartInventory.Core.csproj", "{A85D558E-DC8B-4338-BFCA-7D4AF9C7C358}"
EndProject
Project("{FAE04EC0-301F-11D3-BF4B-00C04F79EFBC}") = "SmartInventory.Data", "src\SmartInventory.Data\SmartInventory.Data.csproj", "{D7FF9D83-110D-4694-AC43-FBC40F0A9603}"
EndProject
Project("{FAE04EC0-301F-11D3-BF4B-00C04F79EFBC}") = "SmartInventory.Services", "src\SmartInventory.Services\SmartInventory.Services.csproj", "{983BC908-F62B-4B03-A1FB-E28B73D3DB1F}"
EndProject
Project("{2150E333-8FDC-42A3-9474-1A3956D46DE8}") = "tests", "tests", "{FC4DD003-10AD-4DAB-AA14-FC2552A5055B}"
EndProject
Project("{FAE04EC0-301F-11D3-BF4B-00C04F79EFBC}") = "SmartInventory.Tests", "tests\SmartInventory.Tests\SmartInventory.Tests.csproj", "{0E956835-A39A-4362-BE77-2BBB93CE6EDE}"
EndProject
Global
	GlobalSection(SolutionConfigurationPlatforms) = preSolution
		Debug|Any CPU = Debug|Any CPU
		Release|Any CPU = Release|Any CPU
	EndGlobalSection
	GlobalSection(SolutionProperties) = preSolution
		HideSolutionNode = FALSE
	EndGlobalSection
	GlobalSection(ProjectConfigurationPlatforms) = postSolution
		{67041633-6519-4DF9-AF38-D32B2C5AE52D}.Debug|Any CPU.ActiveCfg = Debug|Any CPU
		{67041633-6519-4DF9-AF38-D32B2C5AE52D}.Debug|Any CPU.Build.0 = Debug|Any CPU
		{67041633-6519-4DF9-AF38-D32B2C5AE52D}.Release|Any CPU.ActiveCfg = Release|Any CPU
		{67041633-6519-4DF9-AF38-D32B2C5AE52D}.Release|Any CPU.Build.0 = Release|Any CPU
		{A85D558E-DC8B-4338-BFCA-7D4AF9C7C358}.Debug|Any CPU.ActiveCfg = Debug|Any CPU
		{A85D558E-DC8B-4338-BFCA-7D4AF9C7C358}.Debug|Any CPU.Build.0 = Debug|Any CPU
		{A85D558E-DC8B-4338-BFCA-7D4AF9C7C358}.Release|Any CPU.ActiveCfg = Release|Any CPU
		{A85D558E-DC8B-4338-BFCA-7D4AF9C7C358}.Release|Any CPU.Build.0 = Release|Any CPU
		{D7FF9D83-110D-4694-AC43-FBC40F0A9603}.Debug|Any CPU.ActiveCfg = Debug|Any CPU
		{D7FF9D83-110D-4694-AC43-FBC40F0A9603}.Debug|Any CPU.Build.0 = Debug|Any CPU
		{D7FF9D83-110D-4694-AC43-FBC40F0A9603}.Release|Any CPU.ActiveCfg = Release|Any CPU
		{D7FF9D83-110D-4694-AC43-FBC40F0A9603}.Release|Any CPU.Build.0 = Release|Any CPU
		{983BC908-F62B-4B03-A1FB-E28B73D3DB1F}.Debug|Any CPU.ActiveCfg = Debug|Any CPU
		{983BC908-F62B-4B03-A1FB-E28B73D3DB1F}.Debug|Any CPU.Build.0 = Debug|Any CPU
		{983BC908-F62B-4B03-A1FB-E28B73D3DB1F}.Release|Any CPU.ActiveCfg = Release|Any CPU
		{983BC908-F62B-4B03-A1FB-E28B73D3DB1F}.Release|Any CPU.Build.0 = Release|Any CPU
		{0E956835-A39A-4362-BE77-2BBB93CE6EDE}.Debug|Any CPU.ActiveCfg = Debug|Any CPU
		{0E956835-A39A-4362-BE77-2BBB93CE6EDE}.Debug|Any CPU.Build.0 = Debug|Any CPU
		{0E956835-A39A-4362-BE77-2BBB93CE6EDE}.Release|Any CPU.ActiveCfg = Release|Any CPU
		{0E956835-A39A-4362-BE77-2BBB93CE6EDE}.Release|Any CPU.Build.0 = Release|Any CPU
	EndGlobalSection
	GlobalSection(NestedProjects) = preSolution
		{67041633-6519-4DF9-AF38-D32B2C5AE52D} = {957CCE27-0CED-4948-8233-E3F8CE0EC050}
		{A85D558E-DC8B-4338-BFCA-7D4AF9C7C358} = {957CCE27-0CED-4948-8233-E3F8CE0EC050}
		{D7FF9D83-110D-4694-AC43-FBC40F0A9603} = {957CCE27-0CED-4948-8233-E3F8CE0EC050}
		{983BC908-F62B-4B03-A1FB-E28B73D3DB1F} = {957CCE27-0CED-4948-8233-E3F8CE0EC050}
		{0E956835-A39A-4362-BE77-2BBB93CE6EDE} = {FC4DD003-10AD-4DAB-AA14-FC2552A5055B}
	EndGlobalSection
EndGlobal
